
Microsoft Visual Studio Solution File, Format Version 12.00
# Visual Studio Version 16
VisualStudioVersion = 16.0.29709.97
MinimumVisualStudioVersion = 10.0.40219.1
Project("{FAE04EC0-301F-11D3-BF4B-00C04F79EFBC}") = "01. Data Type Finder", "04. Data Types and Variables - More Exercise\01. Data Type Finder.csproj", "{DD5EBD05-1DC4-417A-B351-DDF284F63352}"
EndProject
Project("{FAE04EC0-301F-11D3-BF4B-00C04F79EFBC}") = "02. From Left to The Right", "02. From Left to The Right\02. From Left to The Right.csproj", "{368E0D07-D189-4DE3-A071-CEBB51406DB4}"
EndProject
Project("{FAE04EC0-301F-11D3-BF4B-00C04F79EFBC}") = "03. Floating Equality", "03. Floating Equality\03. Floating Equality.csproj", "{8A8D3632-6D7E-4194-8233-70F7A9541F66}"
EndProject
Project("{FAE04EC0-301F-11D3-BF4B-00C04F79EFBC}") = "04. Refactoring Prime Checker", "04. Refactoring Prime Checker\04. Refactoring Prime Checker.csproj", "{BA29576D-DC63-4A6D-8E50-7E1B32DEFE9F}"
EndProject
Project("{FAE04EC0-301F-11D3-BF4B-00C04F79EFBC}") = "05. Decrypting Message", "05. Decrypting Message\05. Decrypting Message.csproj", "{5F883773-C7F4-40B0-8BDF-C1279D2F0752}"
EndProject
Project("{FAE04EC0-301F-11D3-BF4B-00C04F79EFBC}") = "06. Balanced Brackets", "06. Balanced Brackets\06. Balanced Brackets.csproj", "{6FF649A2-BDA4-46FC-A82B-8F3AFC9B73D3}"
EndProject
Global
	GlobalSection(SolutionConfigurationPlatforms) = preSolution
		Debug|Any CPU = Debug|Any CPU
		Release|Any CPU = Release|Any CPU
	EndGlobalSection
	GlobalSection(ProjectConfigurationPlatforms) = postSolution
		{DD5EBD05-1DC4-417A-B351-DDF284F63352}.Debug|Any CPU.ActiveCfg = Debug|Any CPU
		{DD5EBD05-1DC4-417A-B351-DDF284F63352}.Debug|Any CPU.Build.0 = Debug|Any CPU
		{DD5EBD05-1DC4-417A-B351-DDF284F63352}.Release|Any CPU.ActiveCfg = Release|Any CPU
		{DD5EBD05-1DC4-417A-B351-DDF284F63352}.Release|Any CPU.Build.0 = Release|Any CPU
		{368E0D07-D189-4DE3-A071-CEBB51406DB4}.Debug|Any CPU.ActiveCfg = Debug|Any CPU
		{368E0D07-D189-4DE3-A071-CEBB51406DB4}.Debug|Any CPU.Build.0 = Debug|Any CPU
		{368E0D07-D189-4DE3-A071-CEBB51406DB4}.Release|Any CPU.ActiveCfg = Release|Any CPU
		{368E0D07-D189-4DE3-A071-CEBB51406DB4}.Release|Any CPU.Build.0 = Release|Any CPU
		{8A8D3632-6D7E-4194-8233-70F7A9541F66}.Debug|Any CPU.ActiveCfg = Debug|Any CPU
		{8A8D3632-6D7E-4194-8233-70F7A9541F66}.Debug|Any CPU.Build.0 = Debug|Any CPU
		{8A8D3632-6D7E-4194-8233-70F7A9541F66}.Release|Any CPU.ActiveCfg = Release|Any CPU
		{8A8D3632-6D7E-4194-8233-70F7A9541F66}.Release|Any CPU.Build.0 = Release|Any CPU
		{BA29576D-DC63-4A6D-8E50-7E1B32DEFE9F}.Debug|Any CPU.ActiveCfg = Debug|Any CPU
		{BA29576D-DC63-4A6D-8E50-7E1B32DEFE9F}.Debug|Any CPU.Build.0 = Debug|Any CPU
		{BA29576D-DC63-4A6D-8E50-7E1B32DEFE9F}.Release|Any CPU.ActiveCfg = Release|Any CPU
		{BA29576D-DC63-4A6D-8E50-7E1B32DEFE9F}.Release|Any CPU.Build.0 = Release|Any CPU
		{5F883773-C7F4-40B0-8BDF-C1279D2F0752}.Debug|Any CPU.ActiveCfg = Debug|Any CPU
		{5F883773-C7F4-40B0-8BDF-C1279D2F0752}.Debug|Any CPU.Build.0 = Debug|Any CPU
		{5F883773-C7F4-40B0-8BDF-C1279D2F0752}.Release|Any CPU.ActiveCfg = Release|Any CPU
		{5F883773-C7F4-40B0-8BDF-C1279D2F0752}.Release|Any CPU.Build.0 = Release|Any CPU
		{6FF649A2-BDA4-46FC-A82B-8F3AFC9B73D3}.Debug|Any CPU.ActiveCfg = Debug|Any CPU
		{6FF649A2-BDA4-46FC-A82B-8F3AFC9B73D3}.Debug|Any CPU.Build.0 = Debug|Any CPU
		{6FF649A2-BDA4-46FC-A82B-8F3AFC9B73D3}.Release|Any CPU.ActiveCfg = Release|Any CPU
		{6FF649A2-BDA4-46FC-A82B-8F3AFC9B73D3}.Release|Any CPU.Build.0 = Release|Any CPU
	EndGlobalSection
	GlobalSection(SolutionProperties) = preSolution
		HideSolutionNode = FALSE
	EndGlobalSection
	GlobalSection(ExtensibilityGlobals) = postSolution
		SolutionGuid = {54B7EDFA-0AE0-4485-A132-38611D423C33}
	EndGlobalSection
EndGlobal
