
Microsoft Visual Studio Solution File, Format Version 12.00
# Visual Studio Version 16
VisualStudioVersion = 16.0.29709.97
MinimumVisualStudioVersion = 10.0.40219.1
Project("{9A19103F-16F7-4668-BE54-9A1E7A4F7556}") = "01. Ages", "01. Ages\01. Ages.csproj", "{4FF94D50-02D3-47FF-B317-A47464F7D622}"
EndProject
Project("{9A19103F-16F7-4668-BE54-9A1E7A4F7556}") = "02. Division", "02. Division\02. Division.csproj", "{9B53C5CC-D2FD-448E-A242-C056D42A6D33}"
EndProject
Project("{9A19103F-16F7-4668-BE54-9A1E7A4F7556}") = "03. Vacation", "03. Vacation\03. Vacation.csproj", "{DC5ED7C2-A98E-47D9-B3B4-FAC636F94B9C}"
EndProject
Project("{9A19103F-16F7-4668-BE54-9A1E7A4F7556}") = "04. Print and Sum", "04. Print and Sum\04. Print and Sum.csproj", "{7AE95DA4-4545-4AB5-9AD4-D4B7F10B3AB4}"
EndProject
Project("{9A19103F-16F7-4668-BE54-9A1E7A4F7556}") = "05. Login", "05. Login\05. Login.csproj", "{1AB132F2-3C9E-44D6-BD9F-41BDD528B255}"
EndProject
Project("{9A19103F-16F7-4668-BE54-9A1E7A4F7556}") = "06. Strong Number", "06. Strong Number\06. Strong Number.csproj", "{53D5B1B8-6934-4E60-845B-B6E3AB88C43B}"
EndProject
Project("{FAE04EC0-301F-11D3-BF4B-00C04F79EFBC}") = "07. Vending Machine", "07. Vending Machine\07. Vending Machine.csproj", "{C48244C7-2FC3-4B2A-8A99-5C47ED9A775D}"
EndProject
Project("{FAE04EC0-301F-11D3-BF4B-00C04F79EFBC}") = "08. Triangle of Numbers", "08. Triangle of Numbers\08. Triangle of Numbers.csproj", "{092BF271-EE6E-4185-BFEB-B82B83CC7567}"
EndProject
Project("{FAE04EC0-301F-11D3-BF4B-00C04F79EFBC}") = "09. Padawan Equipmen", "09. Padawan Equipmen\09. Padawan Equipmen.csproj", "{3CD67A09-5B4A-4F47-A060-A8D870207FA4}"
EndProject
Project("{FAE04EC0-301F-11D3-BF4B-00C04F79EFBC}") = "10. Rage Expenses", "10. Rage Expenses\10. Rage Expenses.csproj", "{C8A70E18-BA51-4905-B30A-F833BC6CC815}"
EndProject
Project("{FAE04EC0-301F-11D3-BF4B-00C04F79EFBC}") = "11. Sort Numbers", "11. Sort Numbers\11. Sort Numbers.csproj", "{C2BE83D8-E955-4077-BC69-07DF8C763E89}"
EndProject
Project("{FAE04EC0-301F-11D3-BF4B-00C04F79EFBC}") = "12. English Name of the Last Digit", "12. English Name of the Last Digit\12. English Name of the Last Digit.csproj", "{C2CEF949-3A93-43F7-80A5-D6114F13462D}"
EndProject
Project("{FAE04EC0-301F-11D3-BF4B-00C04F79EFBC}") = "13. Gaming Store", "13. Gaming Store\13. Gaming Store.csproj", "{EA0D0F7E-8A8D-491D-ADD0-568AA67D0D61}"
EndProject
Project("{FAE04EC0-301F-11D3-BF4B-00C04F79EFBC}") = "14. Reverse String", "04. Reverse String\14. Reverse String.csproj", "{CA41A6F2-B064-4AD1-A398-92EDD86CE00F}"
EndProject
Project("{FAE04EC0-301F-11D3-BF4B-00C04F79EFBC}") = "15. Messages", "15. Messages\15. Messages.csproj", "{6133EC1A-4703-406A-A4E2-C31B4E63D7BD}"
EndProject
Global
	GlobalSection(SolutionConfigurationPlatforms) = preSolution
		Debug|Any CPU = Debug|Any CPU
		Release|Any CPU = Release|Any CPU
	EndGlobalSection
	GlobalSection(ProjectConfigurationPlatforms) = postSolution
		{4FF94D50-02D3-47FF-B317-A47464F7D622}.Debug|Any CPU.ActiveCfg = Debug|Any CPU
		{4FF94D50-02D3-47FF-B317-A47464F7D622}.Debug|Any CPU.Build.0 = Debug|Any CPU
		{4FF94D50-02D3-47FF-B317-A47464F7D622}.Release|Any CPU.ActiveCfg = Release|Any CPU
		{4FF94D50-02D3-47FF-B317-A47464F7D622}.Release|Any CPU.Build.0 = Release|Any CPU
		{9B53C5CC-D2FD-448E-A242-C056D42A6D33}.Debug|Any CPU.ActiveCfg = Debug|Any CPU
		{9B53C5CC-D2FD-448E-A242-C056D42A6D33}.Debug|Any CPU.Build.0 = Debug|Any CPU
		{9B53C5CC-D2FD-448E-A242-C056D42A6D33}.Release|Any CPU.ActiveCfg = Release|Any CPU
		{9B53C5CC-D2FD-448E-A242-C056D42A6D33}.Release|Any CPU.Build.0 = Release|Any CPU
		{DC5ED7C2-A98E-47D9-B3B4-FAC636F94B9C}.Debug|Any CPU.ActiveCfg = Debug|Any CPU
		{DC5ED7C2-A98E-47D9-B3B4-FAC636F94B9C}.Debug|Any CPU.Build.0 = Debug|Any CPU
		{DC5ED7C2-A98E-47D9-B3B4-FAC636F94B9C}.Release|Any CPU.ActiveCfg = Release|Any CPU
		{DC5ED7C2-A98E-47D9-B3B4-FAC636F94B9C}.Release|Any CPU.Build.0 = Release|Any CPU
		{7AE95DA4-4545-4AB5-9AD4-D4B7F10B3AB4}.Debug|Any CPU.ActiveCfg = Debug|Any CPU
		{7AE95DA4-4545-4AB5-9AD4-D4B7F10B3AB4}.Debug|Any CPU.Build.0 = Debug|Any CPU
		{7AE95DA4-4545-4AB5-9AD4-D4B7F10B3AB4}.Release|Any CPU.ActiveCfg = Release|Any CPU
		{7AE95DA4-4545-4AB5-9AD4-D4B7F10B3AB4}.Release|Any CPU.Build.0 = Release|Any CPU
		{1AB132F2-3C9E-44D6-BD9F-41BDD528B255}.Debug|Any CPU.ActiveCfg = Debug|Any CPU
		{1AB132F2-3C9E-44D6-BD9F-41BDD528B255}.Debug|Any CPU.Build.0 = Debug|Any CPU
		{1AB132F2-3C9E-44D6-BD9F-41BDD528B255}.Release|Any CPU.ActiveCfg = Release|Any CPU
		{1AB132F2-3C9E-44D6-BD9F-41BDD528B255}.Release|Any CPU.Build.0 = Release|Any CPU
		{53D5B1B8-6934-4E60-845B-B6E3AB88C43B}.Debug|Any CPU.ActiveCfg = Debug|Any CPU
		{53D5B1B8-6934-4E60-845B-B6E3AB88C43B}.Debug|Any CPU.Build.0 = Debug|Any CPU
		{53D5B1B8-6934-4E60-845B-B6E3AB88C43B}.Release|Any CPU.ActiveCfg = Release|Any CPU
		{53D5B1B8-6934-4E60-845B-B6E3AB88C43B}.Release|Any CPU.Build.0 = Release|Any CPU
		{C48244C7-2FC3-4B2A-8A99-5C47ED9A775D}.Debug|Any CPU.ActiveCfg = Debug|Any CPU
		{C48244C7-2FC3-4B2A-8A99-5C47ED9A775D}.Debug|Any CPU.Build.0 = Debug|Any CPU
		{C48244C7-2FC3-4B2A-8A99-5C47ED9A775D}.Release|Any CPU.ActiveCfg = Release|Any CPU
		{C48244C7-2FC3-4B2A-8A99-5C47ED9A775D}.Release|Any CPU.Build.0 = Release|Any CPU
		{092BF271-EE6E-4185-BFEB-B82B83CC7567}.Debug|Any CPU.ActiveCfg = Debug|Any CPU
		{092BF271-EE6E-4185-BFEB-B82B83CC7567}.Debug|Any CPU.Build.0 = Debug|Any CPU
		{092BF271-EE6E-4185-BFEB-B82B83CC7567}.Release|Any CPU.ActiveCfg = Release|Any CPU
		{092BF271-EE6E-4185-BFEB-B82B83CC7567}.Release|Any CPU.Build.0 = Release|Any CPU
		{3CD67A09-5B4A-4F47-A060-A8D870207FA4}.Debug|Any CPU.ActiveCfg = Debug|Any CPU
		{3CD67A09-5B4A-4F47-A060-A8D870207FA4}.Debug|Any CPU.Build.0 = Debug|Any CPU
		{3CD67A09-5B4A-4F47-A060-A8D870207FA4}.Release|Any CPU.ActiveCfg = Release|Any CPU
		{3CD67A09-5B4A-4F47-A060-A8D870207FA4}.Release|Any CPU.Build.0 = Release|Any CPU
		{C8A70E18-BA51-4905-B30A-F833BC6CC815}.Debug|Any CPU.ActiveCfg = Debug|Any CPU
		{C8A70E18-BA51-4905-B30A-F833BC6CC815}.Debug|Any CPU.Build.0 = Debug|Any CPU
		{C8A70E18-BA51-4905-B30A-F833BC6CC815}.Release|Any CPU.ActiveCfg = Release|Any CPU
		{C8A70E18-BA51-4905-B30A-F833BC6CC815}.Release|Any CPU.Build.0 = Release|Any CPU
		{C2BE83D8-E955-4077-BC69-07DF8C763E89}.Debug|Any CPU.ActiveCfg = Debug|Any CPU
		{C2BE83D8-E955-4077-BC69-07DF8C763E89}.Debug|Any CPU.Build.0 = Debug|Any CPU
		{C2BE83D8-E955-4077-BC69-07DF8C763E89}.Release|Any CPU.ActiveCfg = Release|Any CPU
		{C2BE83D8-E955-4077-BC69-07DF8C763E89}.Release|Any CPU.Build.0 = Release|Any CPU
		{C2CEF949-3A93-43F7-80A5-D6114F13462D}.Debug|Any CPU.ActiveCfg = Debug|Any CPU
		{C2CEF949-3A93-43F7-80A5-D6114F13462D}.Debug|Any CPU.Build.0 = Debug|Any CPU
		{C2CEF949-3A93-43F7-80A5-D6114F13462D}.Release|Any CPU.ActiveCfg = Release|Any CPU
		{C2CEF949-3A93-43F7-80A5-D6114F13462D}.Release|Any CPU.Build.0 = Release|Any CPU
		{EA0D0F7E-8A8D-491D-ADD0-568AA67D0D61}.Debug|Any CPU.ActiveCfg = Debug|Any CPU
		{EA0D0F7E-8A8D-491D-ADD0-568AA67D0D61}.Debug|Any CPU.Build.0 = Debug|Any CPU
		{EA0D0F7E-8A8D-491D-ADD0-568AA67D0D61}.Release|Any CPU.ActiveCfg = Release|Any CPU
		{EA0D0F7E-8A8D-491D-ADD0-568AA67D0D61}.Release|Any CPU.Build.0 = Release|Any CPU
		{CA41A6F2-B064-4AD1-A398-92EDD86CE00F}.Debug|Any CPU.ActiveCfg = Debug|Any CPU
		{CA41A6F2-B064-4AD1-A398-92EDD86CE00F}.Debug|Any CPU.Build.0 = Debug|Any CPU
		{CA41A6F2-B064-4AD1-A398-92EDD86CE00F}.Release|Any CPU.ActiveCfg = Release|Any CPU
		{CA41A6F2-B064-4AD1-A398-92EDD86CE00F}.Release|Any CPU.Build.0 = Release|Any CPU
		{6133EC1A-4703-406A-A4E2-C31B4E63D7BD}.Debug|Any CPU.ActiveCfg = Debug|Any CPU
		{6133EC1A-4703-406A-A4E2-C31B4E63D7BD}.Debug|Any CPU.Build.0 = Debug|Any CPU
		{6133EC1A-4703-406A-A4E2-C31B4E63D7BD}.Release|Any CPU.ActiveCfg = Release|Any CPU
		{6133EC1A-4703-406A-A4E2-C31B4E63D7BD}.Release|Any CPU.Build.0 = Release|Any CPU
	EndGlobalSection
	GlobalSection(SolutionProperties) = preSolution
		HideSolutionNode = FALSE
	EndGlobalSection
	GlobalSection(ExtensibilityGlobals) = postSolution
		SolutionGuid = {0393911E-09E4-4535-9DC1-453ED421F66D}
	EndGlobalSection
EndGlobal
