
Microsoft Visual Studio Solution File, Format Version 12.00
# Visual Studio Version 16
VisualStudioVersion = 16.0.29709.97
MinimumVisualStudioVersion = 10.0.40219.1
Project("{FAE04EC0-301F-11D3-BF4B-00C04F79EFBC}") = "01. Train", "07. Arrays - Exercise\01. Train.csproj", "{B5990ACD-1340-4468-BDD9-8EE7C54CC646}"
EndProject
Project("{FAE04EC0-301F-11D3-BF4B-00C04F79EFBC}") = "02. Common Elements", "02. Common Elements\02. Common Elements.csproj", "{DC0E14B9-A0C0-4575-9168-A473A41B18E1}"
EndProject
Project("{FAE04EC0-301F-11D3-BF4B-00C04F79EFBC}") = "03. Zig-Zag Arrays", "03. Zig-Zag Arrays\03. Zig-Zag Arrays.csproj", "{5934D842-E171-493F-B695-8778151126FF}"
EndProject
Project("{FAE04EC0-301F-11D3-BF4B-00C04F79EFBC}") = "04. Array Rotation", "04. Array Rotation\04. Array Rotation.csproj", "{8641EA5A-84C6-48AF-94C1-D05E011606DD}"
EndProject
Project("{FAE04EC0-301F-11D3-BF4B-00C04F79EFBC}") = "05. Top Integers", "05. Top Integers\05. Top Integers.csproj", "{1557BCFC-B22F-473D-BB73-9FE7DD87CE9E}"
EndProject
Project("{FAE04EC0-301F-11D3-BF4B-00C04F79EFBC}") = "06. Equal Sum", "06. Equal Sum\06. Equal Sum.csproj", "{B69EC5DC-F9ED-4751-94AD-F6C981CD52D0}"
EndProject
Project("{FAE04EC0-301F-11D3-BF4B-00C04F79EFBC}") = "07. Max Sequence of Equal Elements", "07. Max Sequence of Equal Elements\07. Max Sequence of Equal Elements.csproj", "{0BE899D1-48DB-4060-9EB4-62430E0D09DF}"
EndProject
Project("{FAE04EC0-301F-11D3-BF4B-00C04F79EFBC}") = "08. Magic Sum", "08. Magic Sum\08. Magic Sum.csproj", "{DBEA5FE0-14D5-4160-830E-17E65CAD4911}"
EndProject
Project("{FAE04EC0-301F-11D3-BF4B-00C04F79EFBC}") = "09. Kamino Factory (not included in final score)", "09. Kamino Factory (not included in final score)\09. Kamino Factory (not included in final score).csproj", "{68A757D4-A770-45C1-8ED7-5C714A5CB91B}"
EndProject
Project("{FAE04EC0-301F-11D3-BF4B-00C04F79EFBC}") = "10. LadyBugs (not included in final score)", "10. LadyBugs (not included in final score)\10. LadyBugs (not included in final score).csproj", "{155F98C9-3647-425E-A40D-3B589E38C62C}"
EndProject
Global
	GlobalSection(SolutionConfigurationPlatforms) = preSolution
		Debug|Any CPU = Debug|Any CPU
		Release|Any CPU = Release|Any CPU
	EndGlobalSection
	GlobalSection(ProjectConfigurationPlatforms) = postSolution
		{B5990ACD-1340-4468-BDD9-8EE7C54CC646}.Debug|Any CPU.ActiveCfg = Debug|Any CPU
		{B5990ACD-1340-4468-BDD9-8EE7C54CC646}.Debug|Any CPU.Build.0 = Debug|Any CPU
		{B5990ACD-1340-4468-BDD9-8EE7C54CC646}.Release|Any CPU.ActiveCfg = Release|Any CPU
		{B5990ACD-1340-4468-BDD9-8EE7C54CC646}.Release|Any CPU.Build.0 = Release|Any CPU
		{DC0E14B9-A0C0-4575-9168-A473A41B18E1}.Debug|Any CPU.ActiveCfg = Debug|Any CPU
		{DC0E14B9-A0C0-4575-9168-A473A41B18E1}.Debug|Any CPU.Build.0 = Debug|Any CPU
		{DC0E14B9-A0C0-4575-9168-A473A41B18E1}.Release|Any CPU.ActiveCfg = Release|Any CPU
		{DC0E14B9-A0C0-4575-9168-A473A41B18E1}.Release|Any CPU.Build.0 = Release|Any CPU
		{5934D842-E171-493F-B695-8778151126FF}.Debug|Any CPU.ActiveCfg = Debug|Any CPU
		{5934D842-E171-493F-B695-8778151126FF}.Debug|Any CPU.Build.0 = Debug|Any CPU
		{5934D842-E171-493F-B695-8778151126FF}.Release|Any CPU.ActiveCfg = Release|Any CPU
		{5934D842-E171-493F-B695-8778151126FF}.Release|Any CPU.Build.0 = Release|Any CPU
		{8641EA5A-84C6-48AF-94C1-D05E011606DD}.Debug|Any CPU.ActiveCfg = Debug|Any CPU
		{8641EA5A-84C6-48AF-94C1-D05E011606DD}.Debug|Any CPU.Build.0 = Debug|Any CPU
		{8641EA5A-84C6-48AF-94C1-D05E011606DD}.Release|Any CPU.ActiveCfg = Release|Any CPU
		{8641EA5A-84C6-48AF-94C1-D05E011606DD}.Release|Any CPU.Build.0 = Release|Any CPU
		{1557BCFC-B22F-473D-BB73-9FE7DD87CE9E}.Debug|Any CPU.ActiveCfg = Debug|Any CPU
		{1557BCFC-B22F-473D-BB73-9FE7DD87CE9E}.Debug|Any CPU.Build.0 = Debug|Any CPU
		{1557BCFC-B22F-473D-BB73-9FE7DD87CE9E}.Release|Any CPU.ActiveCfg = Release|Any CPU
		{1557BCFC-B22F-473D-BB73-9FE7DD87CE9E}.Release|Any CPU.Build.0 = Release|Any CPU
		{B69EC5DC-F9ED-4751-94AD-F6C981CD52D0}.Debug|Any CPU.ActiveCfg = Debug|Any CPU
		{B69EC5DC-F9ED-4751-94AD-F6C981CD52D0}.Debug|Any CPU.Build.0 = Debug|Any CPU
		{B69EC5DC-F9ED-4751-94AD-F6C981CD52D0}.Release|Any CPU.ActiveCfg = Release|Any CPU
		{B69EC5DC-F9ED-4751-94AD-F6C981CD52D0}.Release|Any CPU.Build.0 = Release|Any CPU
		{0BE899D1-48DB-4060-9EB4-62430E0D09DF}.Debug|Any CPU.ActiveCfg = Debug|Any CPU
		{0BE899D1-48DB-4060-9EB4-62430E0D09DF}.Debug|Any CPU.Build.0 = Debug|Any CPU
		{0BE899D1-48DB-4060-9EB4-62430E0D09DF}.Release|Any CPU.ActiveCfg = Release|Any CPU
		{0BE899D1-48DB-4060-9EB4-62430E0D09DF}.Release|Any CPU.Build.0 = Release|Any CPU
		{DBEA5FE0-14D5-4160-830E-17E65CAD4911}.Debug|Any CPU.ActiveCfg = Debug|Any CPU
		{DBEA5FE0-14D5-4160-830E-17E65CAD4911}.Debug|Any CPU.Build.0 = Debug|Any CPU
		{DBEA5FE0-14D5-4160-830E-17E65CAD4911}.Release|Any CPU.ActiveCfg = Release|Any CPU
		{DBEA5FE0-14D5-4160-830E-17E65CAD4911}.Release|Any CPU.Build.0 = Release|Any CPU
		{68A757D4-A770-45C1-8ED7-5C714A5CB91B}.Debug|Any CPU.ActiveCfg = Debug|Any CPU
		{68A757D4-A770-45C1-8ED7-5C714A5CB91B}.Debug|Any CPU.Build.0 = Debug|Any CPU
		{68A757D4-A770-45C1-8ED7-5C714A5CB91B}.Release|Any CPU.ActiveCfg = Release|Any CPU
		{68A757D4-A770-45C1-8ED7-5C714A5CB91B}.Release|Any CPU.Build.0 = Release|Any CPU
		{155F98C9-3647-425E-A40D-3B589E38C62C}.Debug|Any CPU.ActiveCfg = Debug|Any CPU
		{155F98C9-3647-425E-A40D-3B589E38C62C}.Debug|Any CPU.Build.0 = Debug|Any CPU
		{155F98C9-3647-425E-A40D-3B589E38C62C}.Release|Any CPU.ActiveCfg = Release|Any CPU
		{155F98C9-3647-425E-A40D-3B589E38C62C}.Release|Any CPU.Build.0 = Release|Any CPU
	EndGlobalSection
	GlobalSection(SolutionProperties) = preSolution
		HideSolutionNode = FALSE
	EndGlobalSection
	GlobalSection(ExtensibilityGlobals) = postSolution
		SolutionGuid = {C53A8A43-2E3E-4A21-8DC2-D31232BCBA16}
	EndGlobalSection
EndGlobal
