
Microsoft Visual Studio Solution File, Format Version 12.00
# Visual Studio Version 16
VisualStudioVersion = 16.0.29709.97
MinimumVisualStudioVersion = 10.0.40219.1
Project("{9A19103F-16F7-4668-BE54-9A1E7A4F7556}") = "04. Fold and Sum", "04. Fold and Sum\04. Fold and Sum.csproj", "{43C17B2D-B843-4B2F-8C48-306D198FC9CB}"
EndProject
Project("{9A19103F-16F7-4668-BE54-9A1E7A4F7556}") = "05. Longest Increasing Subsequence (LIS)", "05. Longest Increasing Subsequence (LIS)\05. Longest Increasing Subsequence (LIS).csproj", "{40AECC63-3BCE-4943-8F7C-91A952E6F779}"
EndProject
Project("{9A19103F-16F7-4668-BE54-9A1E7A4F7556}") = "01. Encrypt, Sort and Print Array", "01. Encrypt, Sort and Print Array\01. Encrypt, Sort and Print Array.csproj", "{583B88B8-C7EB-49BE-B772-9893BBCB8E90}"
EndProject
Project("{9A19103F-16F7-4668-BE54-9A1E7A4F7556}") = "03. Recursive Fibonacci", "03. Recursive Fibonacci\03. Recursive Fibonacci.csproj", "{E2AB2025-15EE-45BF-9CD8-A756CBBF074A}"
EndProject
Project("{FAE04EC0-301F-11D3-BF4B-00C04F79EFBC}") = "02. Pascal Triangle", "..\02. Pascal Triangle\02. Pascal Triangle.csproj", "{11003C06-8784-4686-B86D-08737E3F5C37}"
EndProject
Global
	GlobalSection(SolutionConfigurationPlatforms) = preSolution
		Debug|Any CPU = Debug|Any CPU
		Release|Any CPU = Release|Any CPU
	EndGlobalSection
	GlobalSection(ProjectConfigurationPlatforms) = postSolution
		{43C17B2D-B843-4B2F-8C48-306D198FC9CB}.Debug|Any CPU.ActiveCfg = Debug|Any CPU
		{43C17B2D-B843-4B2F-8C48-306D198FC9CB}.Debug|Any CPU.Build.0 = Debug|Any CPU
		{43C17B2D-B843-4B2F-8C48-306D198FC9CB}.Release|Any CPU.ActiveCfg = Release|Any CPU
		{43C17B2D-B843-4B2F-8C48-306D198FC9CB}.Release|Any CPU.Build.0 = Release|Any CPU
		{40AECC63-3BCE-4943-8F7C-91A952E6F779}.Debug|Any CPU.ActiveCfg = Debug|Any CPU
		{40AECC63-3BCE-4943-8F7C-91A952E6F779}.Debug|Any CPU.Build.0 = Debug|Any CPU
		{40AECC63-3BCE-4943-8F7C-91A952E6F779}.Release|Any CPU.ActiveCfg = Release|Any CPU
		{40AECC63-3BCE-4943-8F7C-91A952E6F779}.Release|Any CPU.Build.0 = Release|Any CPU
		{583B88B8-C7EB-49BE-B772-9893BBCB8E90}.Debug|Any CPU.ActiveCfg = Debug|Any CPU
		{583B88B8-C7EB-49BE-B772-9893BBCB8E90}.Debug|Any CPU.Build.0 = Debug|Any CPU
		{583B88B8-C7EB-49BE-B772-9893BBCB8E90}.Release|Any CPU.ActiveCfg = Release|Any CPU
		{583B88B8-C7EB-49BE-B772-9893BBCB8E90}.Release|Any CPU.Build.0 = Release|Any CPU
		{E2AB2025-15EE-45BF-9CD8-A756CBBF074A}.Debug|Any CPU.ActiveCfg = Debug|Any CPU
		{E2AB2025-15EE-45BF-9CD8-A756CBBF074A}.Debug|Any CPU.Build.0 = Debug|Any CPU
		{E2AB2025-15EE-45BF-9CD8-A756CBBF074A}.Release|Any CPU.ActiveCfg = Release|Any CPU
		{E2AB2025-15EE-45BF-9CD8-A756CBBF074A}.Release|Any CPU.Build.0 = Release|Any CPU
		{11003C06-8784-4686-B86D-08737E3F5C37}.Debug|Any CPU.ActiveCfg = Debug|Any CPU
		{11003C06-8784-4686-B86D-08737E3F5C37}.Debug|Any CPU.Build.0 = Debug|Any CPU
		{11003C06-8784-4686-B86D-08737E3F5C37}.Release|Any CPU.ActiveCfg = Release|Any CPU
		{11003C06-8784-4686-B86D-08737E3F5C37}.Release|Any CPU.Build.0 = Release|Any CPU
	EndGlobalSection
	GlobalSection(SolutionProperties) = preSolution
		HideSolutionNode = FALSE
	EndGlobalSection
	GlobalSection(ExtensibilityGlobals) = postSolution
		SolutionGuid = {93118B15-5F6E-4FCF-A728-BBEF95E93AD7}
	EndGlobalSection
EndGlobal
